// !$*UTF8*$!
{
	archiveVersion = 1;
	classes = {
	};
	objectVersion = 46;
	objects = {

/* Begin PBXBuildFile section */
		64FD45051C87E8AB003DD544 /* MyControl.m in Sources */ = {isa = PBXBuildFile; fileRef = 64FD45041C87E8AB003DD544 /* MyControl.m */; };
		64FD45061C87E909003DD544 /* MyControl.h in CopyFiles */ = {isa = PBXBuildFile; fileRef = 64FD45031C87E8AB003DD544 /* MyControl.h */; };
/* End PBXBuildFile section */

/* Begin PBXCopyFilesBuildPhase section */
		64FD44F41C87E7EF003DD544 /* CopyFiles */ = {
			isa = PBXCopyFilesBuildPhase;
			buildActionMask = 2147483647;
			dstPath = "include/$(PRODUCT_NAME)";
			dstSubfolderSpec = 16;
			files = (
				64FD45061C87E909003DD544 /* MyControl.h in CopyFiles */,
			);
			runOnlyForDeploymentPostprocessing = 0;
		};
/* End PBXCopyFilesBuildPhase section */

/* Begin PBXFileReference section */
		64FD44F61C87E7EF003DD544 /* libMyStaticDemo.a */ = {isa = PBXFileReference; explicitFileType = archive.ar; includeInIndex = 0; path = libMyStaticDemo.a; sourceTree = BUILT_PRODUCTS_DIR; };
		64FD45031C87E8AB003DD544 /* MyControl.h */ = {isa = PBXFileReference; fileEncoding = 4; lastKnownFileType = sourcecode.c.h; path = MyControl.h; sourceTree = "<group>"; };
		64FD45041C87E8AB003DD544 /* MyControl.m */ = {isa = PBXFileReference; fileEncoding = 4; lastKnownFileType = sourcecode.c.objc; path = MyControl.m; sourceTree = "<group>"; };
/* End PBXFileReference section */

/* Begin PBXFrameworksBuildPhase section */
		64FD44F31C87E7EF003DD544 /* Frameworks */ = {
			isa = PBXFrameworksBuildPhase;
			buildActionMask = 2147483647;
			files = (
			);
			runOnlyForDeploymentPostprocessing = 0;
		};
/* End PBXFrameworksBuildPhase section */

/* Begin PBXGroup section */
		64FD44ED1C87E7EF003DD544 = {
			isa = PBXGroup;
			children = (
				64FD44F81C87E7EF003DD544 /* MyStaticDemo */,
				64FD44F71C87E7EF003DD544 /* Products */,
			);
			sourceTree = "<group>";
		};
		64FD44F71C87E7EF003DD544 /* Products */ = {
			isa = PBXGroup;
			children = (
				64FD44F61C87E7EF003DD544 /* libMyStaticDemo.a */,
			);
			name = Products;
			sourceTree = "<group>";
		};
		64FD44F81C87E7EF003DD544 /* MyStaticDemo */ = {
			isa = PBXGroup;
			children = (
				64FD45021C87E8AB003DD544 /* Control */,
			);
			path = MyStaticDemo;
			sourceTree = "<group>";
		};
		64FD45021C87E8AB003DD544 /* Control */ = {
			isa = PBXGroup;
			children = (
				64FD45031C87E8AB003DD544 /* MyControl.h */,
				64FD45041C87E8AB003DD544 /* MyControl.m */,
			);
			path = Control;
			sourceTree = "<group>";
		};
/* End PBXGroup section */

/* Begin PBXNativeTarget section */
		64FD44F51C87E7EF003DD544 /* MyStaticDemo */ = {
			isa = PBXNativeTarget;
			buildConfigurationList = 64FD44FF1C87E7EF003DD544 /* Build configuration list for PBXNativeTarget "MyStaticDemo" */;
			buildPhases = (
				64FD44F21C87E7EF003DD544 /* Sources */,
				64FD44F31C87E7EF003DD544 /* Frameworks */,
				64FD44F41C87E7EF003DD544 /* CopyFiles */,
			);
			buildRules = (
			);
			dependencies = (
			);
			name = MyStaticDemo;
			productName = MyStaticDemo;
			productReference = 64FD44F61C87E7EF003DD544 /* libMyStaticDemo.a */;
			productType = "com.apple.product-type.library.static";
		};
/* End PBXNativeTarget section */

/* Begin PBXProject section */
		64FD44EE1C87E7EF003DD544 /* Project object */ = {
			isa = PBXProject;
			attributes = {
				LastUpgradeCheck = 0720;
				ORGANIZATIONNAME = lzxuan;
				TargetAttributes = {
					64FD44F51C87E7EF003DD544 = {
						CreatedOnToolsVersion = 7.2;
					};
				};
			};
			buildConfigurationList = 64FD44F11C87E7EF003DD544 /* Build configuration list for PBXProject "MyStaticDemo" */;
			compatibilityVersion = "Xcode 3.2";
			developmentRegion = English;
			hasScannedForEncodings = 0;
			knownRegions = (
				en,
			);
			mainGroup = 64FD44ED1C87E7EF003DD544;
			productRefGroup = 64FD44F71C87E7EF003DD544 /* Products */;
			projectDirPath = "";
			projectRoot = "";
			targets = (
				64FD44F51C87E7EF003DD544 /* MyStaticDemo */,
			);
		};
/* End PBXProject section */

/* Begin PBXSourcesBuildPhase section */
		64FD44F21C87E7EF003DD544 /* Sources */ = {
			isa = PBXSourcesBuildPhase;
			buildActionMask = 2147483647;
			files = (
				64FD45051C87E8AB003DD544 /* MyControl.m in Sources */,
			);
			runOnlyForDeploymentPostprocessing = 0;
		};
/* End PBXSourcesBuildPhase section */

/* Begin XCBuildConfiguration section */
		64FD44FD1C87E7EF003DD544 /* Debug */ = {
			isa = XCBuildConfiguration;
			buildSettings = {
				ALWAYS_SEARCH_USER_PATHS = NO;
				CLANG_CXX_LANGUAGE_STANDARD = "gnu++0x";
				CLANG_CXX_LIBRARY = "libc++";
				CLANG_ENABLE_MODULES = YES;
				CLANG_ENABLE_OBJC_ARC = YES;
				CLANG_WARN_BOOL_CONVERSION = YES;
				CLANG_WARN_CONSTANT_CONVERSION = YES;
				CLANG_WARN_DIRECT_OBJC_ISA_USAGE = YES_ERROR;
				CLANG_WARN_EMPTY_BODY = YES;
				CLANG_WARN_ENUM_CONVERSION = YES;
				CLANG_WARN_INT_CONVERSION = YES;
				CLANG_WARN_OBJC_ROOT_CLASS = YES_ERROR;
				CLANG_WARN_UNREACHABLE_CODE = YES;
				CLANG_WARN__DUPLICATE_METHOD_MATCH = YES;
				"CODE_SIGN_IDENTITY[sdk=iphoneos*]" = "iPhone Developer";
				COPY_PHASE_STRIP = NO;
				DEBUG_INFORMATION_FORMAT = dwarf;
				ENABLE_STRICT_OBJC_MSGSEND = YES;
				ENABLE_TESTABILITY = YES;
				GCC_C_LANGUAGE_STANDARD = gnu99;
				GCC_DYNAMIC_NO_PIC = NO;
				GCC_NO_COMMON_BLOCKS = YES;
				GCC_OPTIMIZATION_LEVEL = 0;
				GCC_PREPROCESSOR_DEFINITIONS = (
					"DEBUG=1",
					"$(inherited)",
				);
				GCC_WARN_64_TO_32_BIT_CONVERSION = YES;
				GCC_WARN_ABOUT_RETURN_TYPE = YES_ERROR;
				GCC_WARN_UNDECLARED_SELECTOR = YES;
				GCC_WARN_UNINITIALIZED_AUTOS = YES_AGGRESSIVE;
				GCC_WARN_UNUSED_FUNCTION = YES;
				GCC_WARN_UNUSED_VARIABLE = YES;
				IPHONEOS_DEPLOYMENT_TARGET = 9.2;
				MTL_ENABLE_DEBUG_INFO = YES;
				ONLY_ACTIVE_ARCH = YES;
				SDKROOT = iphoneos;
			};
			name = Debug;
		};
		64FD44FE1C87E7EF003DD544 /* Release */ = {
			isa = XCBuildConfiguration;
			buildSettings = {
				ALWAYS_SEARCH_USER_PATHS = NO;
				CLANG_CXX_LANGUAGE_STANDARD = "gnu++0x";
				CLANG_CXX_LIBRARY = "libc++";
				CLANG_ENABLE_MODULES = YES;
				CLANG_ENABLE_OBJC_ARC = YES;
				CLANG_WARN_BOOL_CONVERSION = YES;
				CLANG_WARN_CONSTANT_CONVERSION = YES;
				CLANG_WARN_DIRECT_OBJC_ISA_USAGE = YES_ERROR;
				CLANG_WARN_EMPTY_BODY = YES;
				CLANG_WARN_ENUM_CONVERSION = YES;
				CLANG_WARN_INT_CONVERSION = YES;
				CLANG_WARN_OBJC_ROOT_CLASS = YES_ERROR;
				CLANG_WARN_UNREACHABLE_CODE = YES;
				CLANG_WARN__DUPLICATE_METHOD_MATCH = YES;
				"CODE_SIGN_IDENTITY[sdk=iphoneos*]" = "iPhone Developer";
				COPY_PHASE_STRIP = NO;
				DEBUG_INFORMATION_FORMAT = "dwarf-with-dsym";
				ENABLE_NS_ASSERTIONS = NO;
				ENABLE_STRICT_OBJC_MSGSEND = YES;
				GCC_C_LANGUAGE_STANDARD = gnu99;
				GCC_NO_COMMON_BLOCKS = YES;
				GCC_WARN_64_TO_32_BIT_CONVERSION = YES;
				GCC_WARN_ABOUT_RETURN_TYPE = YES_ERROR;
				GCC_WARN_UNDECLARED_SELECTOR = YES;
				GCC_WARN_UNINITIALIZED_AUTOS = YES_AGGRESSIVE;
				GCC_WARN_UNUSED_FUNCTION = YES;
				GCC_WARN_UNUSED_VARIABLE = YES;
				IPHONEOS_DEPLOYMENT_TARGET = 9.2;
				MTL_ENABLE_DEBUG_INFO = NO;
				SDKROOT = iphoneos;
				VALIDATE_PRODUCT = YES;
			};
			name = Release;
		};
		64FD45001C87E7EF003DD544 /* Debug */ = {
			isa = XCBuildConfiguration;
			buildSettings = {
				OTHER_LDFLAGS = "-ObjC";
				PRODUCT_NAME = "$(TARGET_NAME)";
				SKIP_INSTALL = YES;
			};
			name = Debug;
		};
		64FD45011C87E7EF003DD544 /* Release */ = {
			isa = XCBuildConfiguration;
			buildSettings = {
				OTHER_LDFLAGS = "-ObjC";
				PRODUCT_NAME = "$(TARGET_NAME)";
				SKIP_INSTALL = YES;
			};
			name = Release;
		};
/* End XCBuildConfiguration section */

/* Begin XCConfigurationList section */
		64FD44F11C87E7EF003DD544 /* Build configuration list for PBXProject "MyStaticDemo" */ = {
			isa = XCConfigurationList;
			buildConfigurations = (
				64FD44FD1C87E7EF003DD544 /* Debug */,
				64FD44FE1C87E7EF003DD544 /* Release */,
			);
			defaultConfigurationIsVisible = 0;
			defaultConfigurationName = Release;
		};
		64FD44FF1C87E7EF003DD544 /* Build configuration list for PBXNativeTarget "MyStaticDemo" */ = {
			isa = XCConfigurationList;
			buildConfigurations = (
				64FD45001C87E7EF003DD544 /* Debug */,
				64FD45011C87E7EF003DD544 /* Release */,
			);
			defaultConfigurationIsVisible = 0;
		};
/* End XCConfigurationList section */
	};
	rootObject = 64FD44EE1C87E7EF003DD544 /* Project object */;
}
