// !$*UTF8*$!
{
	archiveVersion = 1;
	classes = {
	};
	objectVersion = 46;
	objects = {

/* Begin PBXBuildFile section */
		646F129D1C32153900600949 /* main.c in Sources */ = {isa = PBXBuildFile; fileRef = 646F129C1C32153900600949 /* main.c */; };
		646F12A61C321B1200600949 /* myCalculation.c in Sources */ = {isa = PBXBuildFile; fileRef = 646F12A41C321B1200600949 /* myCalculation.c */; };
		646F12A91C32225F00600949 /* myCmp.c in Sources */ = {isa = PBXBuildFile; fileRef = 646F12A71C32225F00600949 /* myCmp.c */; };
/* End PBXBuildFile section */

/* Begin PBXCopyFilesBuildPhase section */
		646F12971C32153900600949 /* CopyFiles */ = {
			isa = PBXCopyFilesBuildPhase;
			buildActionMask = 2147483647;
			dstPath = /usr/share/man/man1/;
			dstSubfolderSpec = 0;
			files = (
			);
			runOnlyForDeploymentPostprocessing = 1;
		};
/* End PBXCopyFilesBuildPhase section */

/* Begin PBXFileReference section */
		646F12991C32153900600949 /* C8_项目开发代码结构 */ = {isa = PBXFileReference; explicitFileType = "compiled.mach-o.executable"; includeInIndex = 0; path = "C8_项目开发代码结构"; sourceTree = BUILT_PRODUCTS_DIR; };
		646F129C1C32153900600949 /* main.c */ = {isa = PBXFileReference; lastKnownFileType = sourcecode.c.c; path = main.c; sourceTree = "<group>"; };
		646F12A41C321B1200600949 /* myCalculation.c */ = {isa = PBXFileReference; fileEncoding = 4; lastKnownFileType = sourcecode.c.c; path = myCalculation.c; sourceTree = "<group>"; };
		646F12A51C321B1200600949 /* myCalculation.h */ = {isa = PBXFileReference; fileEncoding = 4; lastKnownFileType = sourcecode.c.h; path = myCalculation.h; sourceTree = "<group>"; };
		646F12A71C32225F00600949 /* myCmp.c */ = {isa = PBXFileReference; fileEncoding = 4; lastKnownFileType = sourcecode.c.c; path = myCmp.c; sourceTree = "<group>"; };
		646F12A81C32225F00600949 /* myCmp.h */ = {isa = PBXFileReference; fileEncoding = 4; lastKnownFileType = sourcecode.c.h; path = myCmp.h; sourceTree = "<group>"; };
/* End PBXFileReference section */

/* Begin PBXFrameworksBuildPhase section */
		646F12961C32153900600949 /* Frameworks */ = {
			isa = PBXFrameworksBuildPhase;
			buildActionMask = 2147483647;
			files = (
			);
			runOnlyForDeploymentPostprocessing = 0;
		};
/* End PBXFrameworksBuildPhase section */

/* Begin PBXGroup section */
		646F12901C32153900600949 = {
			isa = PBXGroup;
			children = (
				646F129B1C32153900600949 /* C8_项目开发代码结构 */,
				646F129A1C32153900600949 /* Products */,
			);
			sourceTree = "<group>";
		};
		646F129A1C32153900600949 /* Products */ = {
			isa = PBXGroup;
			children = (
				646F12991C32153900600949 /* C8_项目开发代码结构 */,
			);
			name = Products;
			sourceTree = "<group>";
		};
		646F129B1C32153900600949 /* C8_项目开发代码结构 */ = {
			isa = PBXGroup;
			children = (
				646F129C1C32153900600949 /* main.c */,
				646F12A41C321B1200600949 /* myCalculation.c */,
				646F12A51C321B1200600949 /* myCalculation.h */,
				646F12A71C32225F00600949 /* myCmp.c */,
				646F12A81C32225F00600949 /* myCmp.h */,
			);
			path = "C8_项目开发代码结构";
			sourceTree = "<group>";
		};
/* End PBXGroup section */

/* Begin PBXNativeTarget section */
		646F12981C32153900600949 /* C8_项目开发代码结构 */ = {
			isa = PBXNativeTarget;
			buildConfigurationList = 646F12A01C32153900600949 /* Build configuration list for PBXNativeTarget "C8_项目开发代码结构" */;
			buildPhases = (
				646F12951C32153900600949 /* Sources */,
				646F12961C32153900600949 /* Frameworks */,
				646F12971C32153900600949 /* CopyFiles */,
			);
			buildRules = (
			);
			dependencies = (
			);
			name = "C8_项目开发代码结构";
			productName = "C8_项目开发代码结构";
			productReference = 646F12991C32153900600949 /* C8_项目开发代码结构 */;
			productType = "com.apple.product-type.tool";
		};
/* End PBXNativeTarget section */

/* Begin PBXProject section */
		646F12911C32153900600949 /* Project object */ = {
			isa = PBXProject;
			attributes = {
				LastUpgradeCheck = 0720;
				ORGANIZATIONNAME = lzxuan;
				TargetAttributes = {
					646F12981C32153900600949 = {
						CreatedOnToolsVersion = 7.2;
					};
				};
			};
			buildConfigurationList = 646F12941C32153900600949 /* Build configuration list for PBXProject "C8_项目开发代码结构" */;
			compatibilityVersion = "Xcode 3.2";
			developmentRegion = English;
			hasScannedForEncodings = 0;
			knownRegions = (
				en,
			);
			mainGroup = 646F12901C32153900600949;
			productRefGroup = 646F129A1C32153900600949 /* Products */;
			projectDirPath = "";
			projectRoot = "";
			targets = (
				646F12981C32153900600949 /* C8_项目开发代码结构 */,
			);
		};
/* End PBXProject section */

/* Begin PBXSourcesBuildPhase section */
		646F12951C32153900600949 /* Sources */ = {
			isa = PBXSourcesBuildPhase;
			buildActionMask = 2147483647;
			files = (
				646F12A91C32225F00600949 /* myCmp.c in Sources */,
				646F129D1C32153900600949 /* main.c in Sources */,
				646F12A61C321B1200600949 /* myCalculation.c in Sources */,
			);
			runOnlyForDeploymentPostprocessing = 0;
		};
/* End PBXSourcesBuildPhase section */

/* Begin XCBuildConfiguration section */
		646F129E1C32153900600949 /* Debug */ = {
			isa = XCBuildConfiguration;
			buildSettings = {
				ALWAYS_SEARCH_USER_PATHS = NO;
				CLANG_CXX_LANGUAGE_STANDARD = "gnu++0x";
				CLANG_CXX_LIBRARY = "libc++";
				CLANG_ENABLE_MODULES = YES;
				CLANG_ENABLE_OBJC_ARC = YES;
				CLANG_WARN_BOOL_CONVERSION = YES;
				CLANG_WARN_CONSTANT_CONVERSION = YES;
				CLANG_WARN_DIRECT_OBJC_ISA_USAGE = YES_ERROR;
				CLANG_WARN_EMPTY_BODY = YES;
				CLANG_WARN_ENUM_CONVERSION = YES;
				CLANG_WARN_INT_CONVERSION = YES;
				CLANG_WARN_OBJC_ROOT_CLASS = YES_ERROR;
				CLANG_WARN_UNREACHABLE_CODE = YES;
				CLANG_WARN__DUPLICATE_METHOD_MATCH = YES;
				CODE_SIGN_IDENTITY = "-";
				COPY_PHASE_STRIP = NO;
				DEBUG_INFORMATION_FORMAT = dwarf;
				ENABLE_STRICT_OBJC_MSGSEND = YES;
				ENABLE_TESTABILITY = YES;
				GCC_C_LANGUAGE_STANDARD = gnu99;
				GCC_DYNAMIC_NO_PIC = NO;
				GCC_NO_COMMON_BLOCKS = YES;
				GCC_OPTIMIZATION_LEVEL = 0;
				GCC_PREPROCESSOR_DEFINITIONS = (
					"DEBUG=1",
					"$(inherited)",
				);
				GCC_WARN_64_TO_32_BIT_CONVERSION = YES;
				GCC_WARN_ABOUT_RETURN_TYPE = YES_ERROR;
				GCC_WARN_UNDECLARED_SELECTOR = YES;
				GCC_WARN_UNINITIALIZED_AUTOS = YES_AGGRESSIVE;
				GCC_WARN_UNUSED_FUNCTION = YES;
				GCC_WARN_UNUSED_VARIABLE = YES;
				MACOSX_DEPLOYMENT_TARGET = 10.10;
				MTL_ENABLE_DEBUG_INFO = YES;
				ONLY_ACTIVE_ARCH = YES;
				SDKROOT = macosx;
			};
			name = Debug;
		};
		646F129F1C32153900600949 /* Release */ = {
			isa = XCBuildConfiguration;
			buildSettings = {
				ALWAYS_SEARCH_USER_PATHS = NO;
				CLANG_CXX_LANGUAGE_STANDARD = "gnu++0x";
				CLANG_CXX_LIBRARY = "libc++";
				CLANG_ENABLE_MODULES = YES;
				CLANG_ENABLE_OBJC_ARC = YES;
				CLANG_WARN_BOOL_CONVERSION = YES;
				CLANG_WARN_CONSTANT_CONVERSION = YES;
				CLANG_WARN_DIRECT_OBJC_ISA_USAGE = YES_ERROR;
				CLANG_WARN_EMPTY_BODY = YES;
				CLANG_WARN_ENUM_CONVERSION = YES;
				CLANG_WARN_INT_CONVERSION = YES;
				CLANG_WARN_OBJC_ROOT_CLASS = YES_ERROR;
				CLANG_WARN_UNREACHABLE_CODE = YES;
				CLANG_WARN__DUPLICATE_METHOD_MATCH = YES;
				CODE_SIGN_IDENTITY = "-";
				COPY_PHASE_STRIP = NO;
				DEBUG_INFORMATION_FORMAT = "dwarf-with-dsym";
				ENABLE_NS_ASSERTIONS = NO;
				ENABLE_STRICT_OBJC_MSGSEND = YES;
				GCC_C_LANGUAGE_STANDARD = gnu99;
				GCC_NO_COMMON_BLOCKS = YES;
				GCC_WARN_64_TO_32_BIT_CONVERSION = YES;
				GCC_WARN_ABOUT_RETURN_TYPE = YES_ERROR;
				GCC_WARN_UNDECLARED_SELECTOR = YES;
				GCC_WARN_UNINITIALIZED_AUTOS = YES_AGGRESSIVE;
				GCC_WARN_UNUSED_FUNCTION = YES;
				GCC_WARN_UNUSED_VARIABLE = YES;
				MACOSX_DEPLOYMENT_TARGET = 10.10;
				MTL_ENABLE_DEBUG_INFO = NO;
				SDKROOT = macosx;
			};
			name = Release;
		};
		646F12A11C32153900600949 /* Debug */ = {
			isa = XCBuildConfiguration;
			buildSettings = {
				PRODUCT_NAME = "$(TARGET_NAME)";
			};
			name = Debug;
		};
		646F12A21C32153900600949 /* Release */ = {
			isa = XCBuildConfiguration;
			buildSettings = {
				PRODUCT_NAME = "$(TARGET_NAME)";
			};
			name = Release;
		};
/* End XCBuildConfiguration section */

/* Begin XCConfigurationList section */
		646F12941C32153900600949 /* Build configuration list for PBXProject "C8_项目开发代码结构" */ = {
			isa = XCConfigurationList;
			buildConfigurations = (
				646F129E1C32153900600949 /* Debug */,
				646F129F1C32153900600949 /* Release */,
			);
			defaultConfigurationIsVisible = 0;
			defaultConfigurationName = Release;
		};
		646F12A01C32153900600949 /* Build configuration list for PBXNativeTarget "C8_项目开发代码结构" */ = {
			isa = XCConfigurationList;
			buildConfigurations = (
				646F12A11C32153900600949 /* Debug */,
				646F12A21C32153900600949 /* Release */,
			);
			defaultConfigurationIsVisible = 0;
		};
/* End XCConfigurationList section */
	};
	rootObject = 646F12911C32153900600949 /* Project object */;
}
